// !$*UTF8*$!
{
	archiveVersion = 1;
	classes = {
	};
	objectVersion = 50;
	objects = {

/* Begin PBXBuildFile section */
		4D7AF7102261926300A5CFC5 /* DetailViewController.swift in Sources */ = {isa = PBXBuildFile; fileRef = 4D7AF70F2261926300A5CFC5 /* DetailViewController.swift */; };
		4DB91B5722618A8100C9F762 /* AppDelegate.swift in Sources */ = {isa = PBXBuildFile; fileRef = 4DB91B5622618A8100C9F762 /* AppDelegate.swift */; };
		4DB91B5922618A8100C9F762 /* ViewController.swift in Sources */ = {isa = PBXBuildFile; fileRef = 4DB91B5822618A8100C9F762 /* ViewController.swift */; };
		4DB91B5C22618A8100C9F762 /* Main.storyboard in Resources */ = {isa = PBXBuildFile; fileRef = 4DB91B5A22618A8100C9F762 /* Main.storyboard */; };
		4DB91B5E22618A8200C9F762 /* Assets.xcassets in Resources */ = {isa = PBXBuildFile; fileRef = 4DB91B5D22618A8200C9F762 /* Assets.xcassets */; };
		4DB91B6122618A8200C9F762 /* LaunchScreen.storyboard in Resources */ = {isa = PBXBuildFile; fileRef = 4DB91B5F22618A8200C9F762 /* LaunchScreen.storyboard */; };
		4DB91B6922618CC600C9F762 /* Petition.swift in Sources */ = {isa = PBXBuildFile; fileRef = 4DB91B6822618CC600C9F762 /* Petition.swift */; };
		4DB91B6B22618D2C00C9F762 /* Petitions.swift in Sources */ = {isa = PBXBuildFile; fileRef = 4DB91B6A22618D2C00C9F762 /* Petitions.swift */; };
/* End PBXBuildFile section */

/* Begin PBXFileReference section */
		4D7AF70F2261926300A5CFC5 /* DetailViewController.swift */ = {isa = PBXFileReference; lastKnownFileType = sourcecode.swift; path = DetailViewController.swift; sourceTree = "<group>"; };
		4DB91B5322618A8100C9F762 /* project7.app */ = {isa = PBXFileReference; explicitFileType = wrapper.application; includeInIndex = 0; path = project7.app; sourceTree = BUILT_PRODUCTS_DIR; };
		4DB91B5622618A8100C9F762 /* AppDelegate.swift */ = {isa = PBXFileReference; lastKnownFileType = sourcecode.swift; path = AppDelegate.swift; sourceTree = "<group>"; };
		4DB91B5822618A8100C9F762 /* ViewController.swift */ = {isa = PBXFileReference; lastKnownFileType = sourcecode.swift; path = ViewController.swift; sourceTree = "<group>"; };
		4DB91B5B22618A8100C9F762 /* Base */ = {isa = PBXFileReference; lastKnownFileType = file.storyboard; name = Base; path = Base.lproj/Main.storyboard; sourceTree = "<group>"; };
		4DB91B5D22618A8200C9F762 /* Assets.xcassets */ = {isa = PBXFileReference; lastKnownFileType = folder.assetcatalog; path = Assets.xcassets; sourceTree = "<group>"; };
		4DB91B6022618A8200C9F762 /* Base */ = {isa = PBXFileReference; lastKnownFileType = file.storyboard; name = Base; path = Base.lproj/LaunchScreen.storyboard; sourceTree = "<group>"; };
		4DB91B6222618A8200C9F762 /* Info.plist */ = {isa = PBXFileReference; lastKnownFileType = text.plist.xml; path = Info.plist; sourceTree = "<group>"; };
		4DB91B6822618CC600C9F762 /* Petition.swift */ = {isa = PBXFileReference; lastKnownFileType = sourcecode.swift; path = Petition.swift; sourceTree = "<group>"; };
		4DB91B6A22618D2C00C9F762 /* Petitions.swift */ = {isa = PBXFileReference; lastKnownFileType = sourcecode.swift; path = Petitions.swift; sourceTree = "<group>"; };
/* End PBXFileReference section */

/* Begin PBXFrameworksBuildPhase section */
		4DB91B5022618A8100C9F762 /* Frameworks */ = {
			isa = PBXFrameworksBuildPhase;
			buildActionMask = 2147483647;
			files = (
			);
			runOnlyForDeploymentPostprocessing = 0;
		};
/* End PBXFrameworksBuildPhase section */

/* Begin PBXGroup section */
		4DB91B4A22618A8100C9F762 = {
			isa = PBXGroup;
			children = (
				4DB91B5522618A8100C9F762 /* project7 */,
				4DB91B5422618A8100C9F762 /* Products */,
			);
			sourceTree = "<group>";
		};
		4DB91B5422618A8100C9F762 /* Products */ = {
			isa = PBXGroup;
			children = (
				4DB91B5322618A8100C9F762 /* project7.app */,
			);
			name = Products;
			sourceTree = "<group>";
		};
		4DB91B5522618A8100C9F762 /* project7 */ = {
			isa = PBXGroup;
			children = (
				4DB91B5622618A8100C9F762 /* AppDelegate.swift */,
				4DB91B5822618A8100C9F762 /* ViewController.swift */,
				4D7AF70F2261926300A5CFC5 /* DetailViewController.swift */,
				4DB91B6822618CC600C9F762 /* Petition.swift */,
				4DB91B6A22618D2C00C9F762 /* Petitions.swift */,
				4DB91B5A22618A8100C9F762 /* Main.storyboard */,
				4DB91B5D22618A8200C9F762 /* Assets.xcassets */,
				4DB91B5F22618A8200C9F762 /* LaunchScreen.storyboard */,
				4DB91B6222618A8200C9F762 /* Info.plist */,
			);
			path = project7;
			sourceTree = "<group>";
		};
/* End PBXGroup section */

/* Begin PBXNativeTarget section */
		4DB91B5222618A8100C9F762 /* project7 */ = {
			isa = PBXNativeTarget;
			buildConfigurationList = 4DB91B6522618A8200C9F762 /* Build configuration list for PBXNativeTarget "project7" */;
			buildPhases = (
				4DB91B4F22618A8100C9F762 /* Sources */,
				4DB91B5022618A8100C9F762 /* Frameworks */,
				4DB91B5122618A8100C9F762 /* Resources */,
			);
			buildRules = (
			);
			dependencies = (
			);
			name = project7;
			productName = project7;
			productReference = 4DB91B5322618A8100C9F762 /* project7.app */;
			productType = "com.apple.product-type.application";
		};
/* End PBXNativeTarget section */

/* Begin PBXProject section */
		4DB91B4B22618A8100C9F762 /* Project object */ = {
			isa = PBXProject;
			attributes = {
				LastSwiftUpdateCheck = 1020;
				LastUpgradeCheck = 1020;
				ORGANIZATIONNAME = "Laurent Henault-Brunet";
				TargetAttributes = {
					4DB91B5222618A8100C9F762 = {
						CreatedOnToolsVersion = 10.2;
					};
				};
			};
			buildConfigurationList = 4DB91B4E22618A8100C9F762 /* Build configuration list for PBXProject "project7" */;
			compatibilityVersion = "Xcode 9.3";
			developmentRegion = en;
			hasScannedForEncodings = 0;
			knownRegions = (
				en,
				Base,
			);
			mainGroup = 4DB91B4A22618A8100C9F762;
			productRefGroup = 4DB91B5422618A8100C9F762 /* Products */;
			projectDirPath = "";
			projectRoot = "";
			targets = (
				4DB91B5222618A8100C9F762 /* project7 */,
			);
		};
/* End PBXProject section */

/* Begin PBXResourcesBuildPhase section */
		4DB91B5122618A8100C9F762 /* Resources */ = {
			isa = PBXResourcesBuildPhase;
			buildActionMask = 2147483647;
			files = (
				4DB91B6122618A8200C9F762 /* LaunchScreen.storyboard in Resources */,
				4DB91B5E22618A8200C9F762 /* Assets.xcassets in Resources */,
				4DB91B5C22618A8100C9F762 /* Main.storyboard in Resources */,
			);
			runOnlyForDeploymentPostprocessing = 0;
		};
/* End PBXResourcesBuildPhase section */

/* Begin PBXSourcesBuildPhase section */
		4DB91B4F22618A8100C9F762 /* Sources */ = {
			isa = PBXSourcesBuildPhase;
			buildActionMask = 2147483647;
			files = (
				4DB91B5922618A8100C9F762 /* ViewController.swift in Sources */,
				4DB91B6B22618D2C00C9F762 /* Petitions.swift in Sources */,
				4D7AF7102261926300A5CFC5 /* DetailViewController.swift in Sources */,
				4DB91B5722618A8100C9F762 /* AppDelegate.swift in Sources */,
				4DB91B6922618CC600C9F762 /* Petition.swift in Sources */,
			);
			runOnlyForDeploymentPostprocessing = 0;
		};
/* End PBXSourcesBuildPhase section */

/* Begin PBXVariantGroup section */
		4DB91B5A22618A8100C9F762 /* Main.storyboard */ = {
			isa = PBXVariantGroup;
			children = (
				4DB91B5B22618A8100C9F762 /* Base */,
			);
			name = Main.storyboard;
			sourceTree = "<group>";
		};
		4DB91B5F22618A8200C9F762 /* LaunchScreen.storyboard */ = {
			isa = PBXVariantGroup;
			children = (
				4DB91B6022618A8200C9F762 /* Base */,
			);
			name = LaunchScreen.storyboard;
			sourceTree = "<group>";
		};
/* End PBXVariantGroup section */

/* Begin XCBuildConfiguration section */
		4DB91B6322618A8200C9F762 /* Debug */ = {
			isa = XCBuildConfiguration;
			buildSettings = {
				ALWAYS_SEARCH_USER_PATHS = NO;
				CLANG_ANALYZER_NONNULL = YES;
				CLANG_ANALYZER_NUMBER_OBJECT_CONVERSION = YES_AGGRESSIVE;
				CLANG_CXX_LANGUAGE_STANDARD = "gnu++14";
				CLANG_CXX_LIBRARY = "libc++";
				CLANG_ENABLE_MODULES = YES;
				CLANG_ENABLE_OBJC_ARC = YES;
				CLANG_ENABLE_OBJC_WEAK = YES;
				CLANG_WARN_BLOCK_CAPTURE_AUTORELEASING = YES;
				CLANG_WARN_BOOL_CONVERSION = YES;
				CLANG_WARN_COMMA = YES;
				CLANG_WARN_CONSTANT_CONVERSION = YES;
				CLANG_WARN_DEPRECATED_OBJC_IMPLEMENTATIONS = YES;
				CLANG_WARN_DIRECT_OBJC_ISA_USAGE = YES_ERROR;
				CLANG_WARN_DOCUMENTATION_COMMENTS = YES;
				CLANG_WARN_EMPTY_BODY = YES;
				CLANG_WARN_ENUM_CONVERSION = YES;
				CLANG_WARN_INFINITE_RECURSION = YES;
				CLANG_WARN_INT_CONVERSION = YES;
				CLANG_WARN_NON_LITERAL_NULL_CONVERSION = YES;
				CLANG_WARN_OBJC_IMPLICIT_RETAIN_SELF = YES;
				CLANG_WARN_OBJC_LITERAL_CONVERSION = YES;
				CLANG_WARN_OBJC_ROOT_CLASS = YES_ERROR;
				CLANG_WARN_RANGE_LOOP_ANALYSIS = YES;
				CLANG_WARN_STRICT_PROTOTYPES = YES;
				CLANG_WARN_SUSPICIOUS_MOVE = YES;
				CLANG_WARN_UNGUARDED_AVAILABILITY = YES_AGGRESSIVE;
				CLANG_WARN_UNREACHABLE_CODE = YES;
				CLANG_WARN__DUPLICATE_METHOD_MATCH = YES;
				CODE_SIGN_IDENTITY = "iPhone Developer";
				COPY_PHASE_STRIP = NO;
				DEBUG_INFORMATION_FORMAT = dwarf;
				ENABLE_STRICT_OBJC_MSGSEND = YES;
				ENABLE_TESTABILITY = YES;
				GCC_C_LANGUAGE_STANDARD = gnu11;
				GCC_DYNAMIC_NO_PIC = NO;
				GCC_NO_COMMON_BLOCKS = YES;
				GCC_OPTIMIZATION_LEVEL = 0;
				GCC_PREPROCESSOR_DEFINITIONS = (
					"DEBUG=1",
					"$(inherited)",
				);
				GCC_WARN_64_TO_32_BIT_CONVERSION = YES;
				GCC_WARN_ABOUT_RETURN_TYPE = YES_ERROR;
				GCC_WARN_UNDECLARED_SELECTOR = YES;
				GCC_WARN_UNINITIALIZED_AUTOS = YES_AGGRESSIVE;
				GCC_WARN_UNUSED_FUNCTION = YES;
				GCC_WARN_UNUSED_VARIABLE = YES;
				IPHONEOS_DEPLOYMENT_TARGET = 12.2;
				MTL_ENABLE_DEBUG_INFO = INCLUDE_SOURCE;
				MTL_FAST_MATH = YES;
				ONLY_ACTIVE_ARCH = YES;
				SDKROOT = iphoneos;
				SWIFT_ACTIVE_COMPILATION_CONDITIONS = DEBUG;
				SWIFT_OPTIMIZATION_LEVEL = "-Onone";
			};
			name = Debug;
		};
		4DB91B6422618A8200C9F762 /* Release */ = {
			isa = XCBuildConfiguration;
			buildSettings = {
				ALWAYS_SEARCH_USER_PATHS = NO;
				CLANG_ANALYZER_NONNULL = YES;
				CLANG_ANALYZER_NUMBER_OBJECT_CONVERSION = YES_AGGRESSIVE;
				CLANG_CXX_LANGUAGE_STANDARD = "gnu++14";
				CLANG_CXX_LIBRARY = "libc++";
				CLANG_ENABLE_MODULES = YES;
				CLANG_ENABLE_OBJC_ARC = YES;
				CLANG_ENABLE_OBJC_WEAK = YES;
				CLANG_WARN_BLOCK_CAPTURE_AUTORELEASING = YES;
				CLANG_WARN_BOOL_CONVERSION = YES;
				CLANG_WARN_COMMA = YES;
				CLANG_WARN_CONSTANT_CONVERSION = YES;
				CLANG_WARN_DEPRECATED_OBJC_IMPLEMENTATIONS = YES;
				CLANG_WARN_DIRECT_OBJC_ISA_USAGE = YES_ERROR;
				CLANG_WARN_DOCUMENTATION_COMMENTS = YES;
				CLANG_WARN_EMPTY_BODY = YES;
				CLANG_WARN_ENUM_CONVERSION = YES;
				CLANG_WARN_INFINITE_RECURSION = YES;
				CLANG_WARN_INT_CONVERSION = YES;
				CLANG_WARN_NON_LITERAL_NULL_CONVERSION = YES;
				CLANG_WARN_OBJC_IMPLICIT_RETAIN_SELF = YES;
				CLANG_WARN_OBJC_LITERAL_CONVERSION = YES;
				CLANG_WARN_OBJC_ROOT_CLASS = YES_ERROR;
				CLANG_WARN_RANGE_LOOP_ANALYSIS = YES;
				CLANG_WARN_STRICT_PROTOTYPES = YES;
				CLANG_WARN_SUSPICIOUS_MOVE = YES;
				CLANG_WARN_UNGUARDED_AVAILABILITY = YES_AGGRESSIVE;
				CLANG_WARN_UNREACHABLE_CODE = YES;
				CLANG_WARN__DUPLICATE_METHOD_MATCH = YES;
				CODE_SIGN_IDENTITY = "iPhone Developer";
				COPY_PHASE_STRIP = NO;
				DEBUG_INFORMATION_FORMAT = "dwarf-with-dsym";
				ENABLE_NS_ASSERTIONS = NO;
				ENABLE_STRICT_OBJC_MSGSEND = YES;
				GCC_C_LANGUAGE_STANDARD = gnu11;
				GCC_NO_COMMON_BLOCKS = YES;
				GCC_WARN_64_TO_32_BIT_CONVERSION = YES;
				GCC_WARN_ABOUT_RETURN_TYPE = YES_ERROR;
				GCC_WARN_UNDECLARED_SELECTOR = YES;
				GCC_WARN_UNINITIALIZED_AUTOS = YES_AGGRESSIVE;
				GCC_WARN_UNUSED_FUNCTION = YES;
				GCC_WARN_UNUSED_VARIABLE = YES;
				IPHONEOS_DEPLOYMENT_TARGET = 12.2;
				MTL_ENABLE_DEBUG_INFO = NO;
				MTL_FAST_MATH = YES;
				SDKROOT = iphoneos;
				SWIFT_COMPILATION_MODE = wholemodule;
				SWIFT_OPTIMIZATION_LEVEL = "-O";
				VALIDATE_PRODUCT = YES;
			};
			name = Release;
		};
		4DB91B6622618A8200C9F762 /* Debug */ = {
			isa = XCBuildConfiguration;
			buildSettings = {
				ASSETCATALOG_COMPILER_APPICON_NAME = AppIcon;
				CODE_SIGN_STYLE = Automatic;
				DEVELOPMENT_TEAM = A34TXENADU;
				INFOPLIST_FILE = project7/Info.plist;
				LD_RUNPATH_SEARCH_PATHS = (
					"$(inherited)",
					"@executable_path/Frameworks",
				);
				PRODUCT_BUNDLE_IDENTIFIER = com.LaurentHenaultBrunet.project7;
				PRODUCT_NAME = "$(TARGET_NAME)";
				SWIFT_VERSION = 5.0;
				TARGETED_DEVICE_FAMILY = "1,2";
			};
			name = Debug;
		};
		4DB91B6722618A8200C9F762 /* Release */ = {
			isa = XCBuildConfiguration;
			buildSettings = {
				ASSETCATALOG_COMPILER_APPICON_NAME = AppIcon;
				CODE_SIGN_STYLE = Automatic;
				DEVELOPMENT_TEAM = A34TXENADU;
				INFOPLIST_FILE = project7/Info.plist;
				LD_RUNPATH_SEARCH_PATHS = (
					"$(inherited)",
					"@executable_path/Frameworks",
				);
				PRODUCT_BUNDLE_IDENTIFIER = com.LaurentHenaultBrunet.project7;
				PRODUCT_NAME = "$(TARGET_NAME)";
				SWIFT_VERSION = 5.0;
				TARGETED_DEVICE_FAMILY = "1,2";
			};
			name = Release;
		};
/* End XCBuildConfiguration section */

/* Begin XCConfigurationList section */
		4DB91B4E22618A8100C9F762 /* Build configuration list for PBXProject "project7" */ = {
			isa = XCConfigurationList;
			buildConfigurations = (
				4DB91B6322618A8200C9F762 /* Debug */,
				4DB91B6422618A8200C9F762 /* Release */,
			);
			defaultConfigurationIsVisible = 0;
			defaultConfigurationName = Release;
		};
		4DB91B6522618A8200C9F762 /* Build configuration list for PBXNativeTarget "project7" */ = {
			isa = XCConfigurationList;
			buildConfigurations = (
				4DB91B6622618A8200C9F762 /* Debug */,
				4DB91B6722618A8200C9F762 /* Release */,
			);
			defaultConfigurationIsVisible = 0;
			defaultConfigurationName = Release;
		};
/* End XCConfigurationList section */
	};
	rootObject = 4DB91B4B22618A8100C9F762 /* Project object */;
}
